
Microsoft Visual Studio Solution File, Format Version 12.00
# Visual Studio Version 17
VisualStudioVersion = 17.13.35931.197
MinimumVisualStudioVersion = 10.0.40219.1
Project("{8BC9CEB8-8B4A-11D0-8D11-00A0C91BC942}") = "SampleObject", "SampleObject.vcxproj", "{C93CC077-0BFF-4AC7-8D22-1141A0E7B56D}"
EndProject
Project("{2150E333-8FDC-42A3-9474-1A3956D46DE8}") = "Solution Items", "Solution Items", "{8EC462FD-D22E-90A8-E5CE-7E832BA40C5D}"
	ProjectSection(SolutionItems) = preProject
		README.md = README.md
	EndProjectSection
EndProject
Global
	GlobalSection(SolutionConfigurationPlatforms) = preSolution
		Debug|x64 = Debug|x64
		Debug|x86 = Debug|x86
		Release|x64 = Release|x64
		Release|x86 = Release|x86
	EndGlobalSection
	GlobalSection(ProjectConfigurationPlatforms) = postSolution
		{C93CC077-0BFF-4AC7-8D22-1141A0E7B56D}.Debug|x64.ActiveCfg = Debug|x64
		{C93CC077-0BFF-4AC7-8D22-1141A0E7B56D}.Debug|x64.Build.0 = Debug|x64
		{C93CC077-0BFF-4AC7-8D22-1141A0E7B56D}.Debug|x86.ActiveCfg = Debug|Win32
		{C93CC077-0BFF-4AC7-8D22-1141A0E7B56D}.Debug|x86.Build.0 = Debug|Win32
		{C93CC077-0BFF-4AC7-8D22-1141A0E7B56D}.Release|x64.ActiveCfg = Release|x64
		{C93CC077-0BFF-4AC7-8D22-1141A0E7B56D}.Release|x64.Build.0 = Release|x64
		{C93CC077-0BFF-4AC7-8D22-1141A0E7B56D}.Release|x86.ActiveCfg = Release|Win32
		{C93CC077-0BFF-4AC7-8D22-1141A0E7B56D}.Release|x86.Build.0 = Release|Win32
	EndGlobalSection
	GlobalSection(SolutionProperties) = preSolution
		HideSolutionNode = FALSE
	EndGlobalSection
	GlobalSection(ExtensibilityGlobals) = postSolution
		SolutionGuid = {28A64CBD-2E5F-48A1-B5A2-79EFA4774A6A}
	EndGlobalSection
EndGlobal
